
Microsoft Visual Studio Solution File, Format Version 11.00
# Visual Studio 2010
Project("{FAE04EC0-301F-11D3-BF4B-00C04F79EFBC}") = "Dinh_dang", "Dinh_dang\Dinh_dang.csproj", "{32C7632E-ACF4-4D6E-A813-E42ADCE21E50}"
EndProject
Global
	GlobalSection(SolutionConfigurationPlatforms) = preSolution
		Debug|x86 = Debug|x86
		Release|x86 = Release|x86
	EndGlobalSection
	GlobalSection(ProjectConfigurationPlatforms) = postSolution
		{32C7632E-ACF4-4D6E-A813-E42ADCE21E50}.Debug|x86.ActiveCfg = Debug|x86
		{32C7632E-ACF4-4D6E-A813-E42ADCE21E50}.Debug|x86.Build.0 = Debug|x86
		{32C7632E-ACF4-4D6E-A813-E42ADCE21E50}.Release|x86.ActiveCfg = Release|x86
		{32C7632E-ACF4-4D6E-A813-E42ADCE21E50}.Release|x86.Build.0 = Release|x86
	EndGlobalSection
	GlobalSection(SolutionProperties) = preSolution
		HideSolutionNode = FALSE
	EndGlobalSection
EndGlobal
