
Microsoft Visual Studio Solution File, Format Version 11.00
# Visual Studio 2010
Project("{FAE04EC0-301F-11D3-BF4B-00C04F79EFBC}") = "frm_Font", "frm_Font\frm_Font.csproj", "{F2A896AF-A5EA-4F28-B639-1D3A0C6286B7}"
EndProject
Global
	GlobalSection(SolutionConfigurationPlatforms) = preSolution
		Debug|x86 = Debug|x86
		Release|x86 = Release|x86
	EndGlobalSection
	GlobalSection(ProjectConfigurationPlatforms) = postSolution
		{F2A896AF-A5EA-4F28-B639-1D3A0C6286B7}.Debug|x86.ActiveCfg = Debug|x86
		{F2A896AF-A5EA-4F28-B639-1D3A0C6286B7}.Debug|x86.Build.0 = Debug|x86
		{F2A896AF-A5EA-4F28-B639-1D3A0C6286B7}.Release|x86.ActiveCfg = Release|x86
		{F2A896AF-A5EA-4F28-B639-1D3A0C6286B7}.Release|x86.Build.0 = Release|x86
	EndGlobalSection
	GlobalSection(SolutionProperties) = preSolution
		HideSolutionNode = FALSE
	EndGlobalSection
EndGlobal
